// !$*UTF8*$!
{
	archiveVersion = 1;
	classes = {
	};
	objectVersion = 46;
	objects = {

/* Begin PBXBuildFile section */
		A106F8841CE2C0CC00CDF041 /* SwiftyJSON.framework in Frameworks */ = {isa = PBXBuildFile; fileRef = A106F8831CE2C0CC00CDF041 /* SwiftyJSON.framework */; };
		A16870ED1CDBEDEB00B35484 /* crimeCategoryData.json in Resources */ = {isa = PBXBuildFile; fileRef = A16870EC1CDBEDEB00B35484 /* crimeCategoryData.json */; };
		A171A2BC1CE8002300598F34 /* map-point-red.png in Resources */ = {isa = PBXBuildFile; fileRef = A171A2BB1CE8002300598F34 /* map-point-red.png */; };
		A171A2BE1CE800DA00598F34 /* map-point-grey.png in Resources */ = {isa = PBXBuildFile; fileRef = A171A2BD1CE800DA00598F34 /* map-point-grey.png */; };
		A171A2C01CE8010D00598F34 /* map-point-yellow.png in Resources */ = {isa = PBXBuildFile; fileRef = A171A2BF1CE8010D00598F34 /* map-point-yellow.png */; };
		A171A2C21CE8016D00598F34 /* map-point-green.png in Resources */ = {isa = PBXBuildFile; fileRef = A171A2C11CE8016D00598F34 /* map-point-green.png */; };
		A171A2C41CE8020700598F34 /* map-point-blue.png in Resources */ = {isa = PBXBuildFile; fileRef = A171A2C31CE8020700598F34 /* map-point-blue.png */; };
		A171A2C61CE8024A00598F34 /* map-point-brown.png in Resources */ = {isa = PBXBuildFile; fileRef = A171A2C51CE8024A00598F34 /* map-point-brown.png */; };
		A1A2A1741CE808E500918FB8 /* map-point-black.png in Resources */ = {isa = PBXBuildFile; fileRef = A1A2A1731CE808E500918FB8 /* map-point-black.png */; };
		A1A2A1761CE8098500918FB8 /* map-point-purple.png in Resources */ = {isa = PBXBuildFile; fileRef = A1A2A1751CE8098500918FB8 /* map-point-purple.png */; };
		A1B2769C1CD54B2200F4807C /* Alamofire.framework in Frameworks */ = {isa = PBXBuildFile; fileRef = A1B276991CD54B2200F4807C /* Alamofire.framework */; settings = {ATTRIBUTES = (Weak, ); }; };
		A1B2769D1CD54B2200F4807C /* Pods_SH.framework in Frameworks */ = {isa = PBXBuildFile; fileRef = A1B2769A1CD54B2200F4807C /* Pods_SH.framework */; settings = {ATTRIBUTES = (Weak, ); }; };
		A1D8B4631CE82EEF00E222CE /* CustomCalloutView.swift in Sources */ = {isa = PBXBuildFile; fileRef = A1D8B4621CE82EEF00E222CE /* CustomCalloutView.swift */; };
		A1D8B4651CE8372A00E222CE /* SubView.xib in Resources */ = {isa = PBXBuildFile; fileRef = A1D8B4641CE8372A00E222CE /* SubView.xib */; };
		A1D8B4671CE8374600E222CE /* SF.png in Resources */ = {isa = PBXBuildFile; fileRef = A1D8B4661CE8374600E222CE /* SF.png */; };
		CF37669B1CBB27EC00044041 /* DataManager.swift in Sources */ = {isa = PBXBuildFile; fileRef = CF37669A1CBB27EC00044041 /* DataManager.swift */; };
		CF37669D1CBB285300044041 /* neighborhood.plist in Resources */ = {isa = PBXBuildFile; fileRef = CF37669C1CBB285300044041 /* neighborhood.plist */; };
		CFAE139E1CBB068900BAFE62 /* AppDelegate.swift in Sources */ = {isa = PBXBuildFile; fileRef = CFAE139D1CBB068900BAFE62 /* AppDelegate.swift */; };
		CFAE13A01CBB068900BAFE62 /* ViewController.swift in Sources */ = {isa = PBXBuildFile; fileRef = CFAE139F1CBB068900BAFE62 /* ViewController.swift */; };
		CFAE13A31CBB068900BAFE62 /* Main.storyboard in Resources */ = {isa = PBXBuildFile; fileRef = CFAE13A11CBB068900BAFE62 /* Main.storyboard */; };
		CFAE13A61CBB068900BAFE62 /* SH.xcdatamodeld in Sources */ = {isa = PBXBuildFile; fileRef = CFAE13A41CBB068900BAFE62 /* SH.xcdatamodeld */; };
		CFAE13A81CBB068900BAFE62 /* Assets.xcassets in Resources */ = {isa = PBXBuildFile; fileRef = CFAE13A71CBB068900BAFE62 /* Assets.xcassets */; };
		CFAE13AB1CBB068900BAFE62 /* LaunchScreen.storyboard in Resources */ = {isa = PBXBuildFile; fileRef = CFAE13A91CBB068900BAFE62 /* LaunchScreen.storyboard */; };
		CFAE13B61CBB068A00BAFE62 /* SHTests.swift in Sources */ = {isa = PBXBuildFile; fileRef = CFAE13B51CBB068A00BAFE62 /* SHTests.swift */; };
		CFAE13C11CBB068A00BAFE62 /* SHUITests.swift in Sources */ = {isa = PBXBuildFile; fileRef = CFAE13C01CBB068A00BAFE62 /* SHUITests.swift */; };
		CFAE13D61CBB096F00BAFE62 /* Mapbox.framework in Embed Frameworks */ = {isa = PBXBuildFile; fileRef = CFAE13D41CBB096F00BAFE62 /* Mapbox.framework */; settings = {ATTRIBUTES = (CodeSignOnCopy, RemoveHeadersOnCopy, ); }; };
		CFFCDB541CC69162003877F1 /* BlockData.json in Resources */ = {isa = PBXBuildFile; fileRef = CFFCDB531CC69162003877F1 /* BlockData.json */; };
/* End PBXBuildFile section */

/* Begin PBXContainerItemProxy section */
		CFAE13B21CBB068A00BAFE62 /* PBXContainerItemProxy */ = {
			isa = PBXContainerItemProxy;
			containerPortal = CFAE13921CBB068900BAFE62 /* Project object */;
			proxyType = 1;
			remoteGlobalIDString = CFAE13991CBB068900BAFE62;
			remoteInfo = SH;
		};
		CFAE13BD1CBB068A00BAFE62 /* PBXContainerItemProxy */ = {
			isa = PBXContainerItemProxy;
			containerPortal = CFAE13921CBB068900BAFE62 /* Project object */;
			proxyType = 1;
			remoteGlobalIDString = CFAE13991CBB068900BAFE62;
			remoteInfo = SH;
		};
/* End PBXContainerItemProxy section */

/* Begin PBXCopyFilesBuildPhase section */
		CFAE13D31CBB084600BAFE62 /* Embed Frameworks */ = {
			isa = PBXCopyFilesBuildPhase;
			buildActionMask = 2147483647;
			dstPath = "";
			dstSubfolderSpec = 10;
			files = (
				CFAE13D61CBB096F00BAFE62 /* Mapbox.framework in Embed Frameworks */,
			);
			name = "Embed Frameworks";
			runOnlyForDeploymentPostprocessing = 0;
		};
/* End PBXCopyFilesBuildPhase section */

/* Begin PBXFileReference section */
		31CAEF2BD843299AD1C95AE3 /* Pods-SH.release.xcconfig */ = {isa = PBXFileReference; includeInIndex = 1; lastKnownFileType = text.xcconfig; name = "Pods-SH.release.xcconfig"; path = "Pods/Target Support Files/Pods-SH/Pods-SH.release.xcconfig"; sourceTree = "<group>"; };
		82599EBE0259CEA168C18F02 /* Pods_SH.framework */ = {isa = PBXFileReference; explicitFileType = wrapper.framework; includeInIndex = 0; path = Pods_SH.framework; sourceTree = BUILT_PRODUCTS_DIR; };
		A106F8811CE2C08300CDF041 /* SwiftyJSON.framework */ = {isa = PBXFileReference; lastKnownFileType = wrapper.framework; name = SwiftyJSON.framework; path = "Pods/../build/Debug-iphoneos/SwiftyJSON.framework"; sourceTree = "<group>"; };
		A106F8831CE2C0CC00CDF041 /* SwiftyJSON.framework */ = {isa = PBXFileReference; lastKnownFileType = wrapper.framework; name = SwiftyJSON.framework; path = "../../Library/Developer/Xcode/DerivedData/SH-etfpfskzwlyqanadhqonqabekxjj/Build/Products/Debug-iphoneos/SwiftyJSON.framework"; sourceTree = "<group>"; };
		A16870EC1CDBEDEB00B35484 /* crimeCategoryData.json */ = {isa = PBXFileReference; fileEncoding = 4; lastKnownFileType = text.json; path = crimeCategoryData.json; sourceTree = "<group>"; };
		A171A2BB1CE8002300598F34 /* map-point-red.png */ = {isa = PBXFileReference; lastKnownFileType = image.png; path = "map-point-red.png"; sourceTree = "<group>"; };
		A171A2BD1CE800DA00598F34 /* map-point-grey.png */ = {isa = PBXFileReference; lastKnownFileType = image.png; path = "map-point-grey.png"; sourceTree = "<group>"; };
		A171A2BF1CE8010D00598F34 /* map-point-yellow.png */ = {isa = PBXFileReference; lastKnownFileType = image.png; path = "map-point-yellow.png"; sourceTree = "<group>"; };
		A171A2C11CE8016D00598F34 /* map-point-green.png */ = {isa = PBXFileReference; lastKnownFileType = image.png; path = "map-point-green.png"; sourceTree = "<group>"; };
		A171A2C31CE8020700598F34 /* map-point-blue.png */ = {isa = PBXFileReference; lastKnownFileType = image.png; path = "map-point-blue.png"; sourceTree = "<group>"; };
		A171A2C51CE8024A00598F34 /* map-point-brown.png */ = {isa = PBXFileReference; lastKnownFileType = image.png; path = "map-point-brown.png"; sourceTree = "<group>"; };
		A1A2A1731CE808E500918FB8 /* map-point-black.png */ = {isa = PBXFileReference; lastKnownFileType = image.png; path = "map-point-black.png"; sourceTree = "<group>"; };
		A1A2A1751CE8098500918FB8 /* map-point-purple.png */ = {isa = PBXFileReference; lastKnownFileType = image.png; path = "map-point-purple.png"; sourceTree = "<group>"; };
		A1B276991CD54B2200F4807C /* Alamofire.framework */ = {isa = PBXFileReference; lastKnownFileType = wrapper.framework; name = Alamofire.framework; path = "Pods/../build/Debug-iphoneos/Alamofire.framework"; sourceTree = "<group>"; };
		A1B2769A1CD54B2200F4807C /* Pods_SH.framework */ = {isa = PBXFileReference; lastKnownFileType = wrapper.framework; name = Pods_SH.framework; path = "Pods/../build/Debug-iphoneos/Pods_SH.framework"; sourceTree = "<group>"; };
		A1B2769B1CD54B2200F4807C /* SwiftyJSON.framework */ = {isa = PBXFileReference; lastKnownFileType = wrapper.framework; name = SwiftyJSON.framework; path = "Pods/../build/Debug-iphoneos/SwiftyJSON.framework"; sourceTree = "<group>"; };
		A1D2D41D1CDC0EA7005AEAFA /* SlideMenuControllerSwift.framework */ = {isa = PBXFileReference; lastKnownFileType = wrapper.framework; name = SlideMenuControllerSwift.framework; path = "../../Library/Developer/Xcode/DerivedData/SH-etfpfskzwlyqanadhqonqabekxjj/Build/Products/Debug-iphoneos/SlideMenuControllerSwift.framework"; sourceTree = "<group>"; };
		A1D8B4621CE82EEF00E222CE /* CustomCalloutView.swift */ = {isa = PBXFileReference; fileEncoding = 4; lastKnownFileType = sourcecode.swift; path = CustomCalloutView.swift; sourceTree = "<group>"; };
		A1D8B4641CE8372A00E222CE /* SubView.xib */ = {isa = PBXFileReference; fileEncoding = 4; lastKnownFileType = file.xib; path = SubView.xib; sourceTree = "<group>"; };
		A1D8B4661CE8374600E222CE /* SF.png */ = {isa = PBXFileReference; lastKnownFileType = image.png; path = SF.png; sourceTree = "<group>"; };
		C5F20B150C7149AB59702175 /* Pods-SH.debug.xcconfig */ = {isa = PBXFileReference; includeInIndex = 1; lastKnownFileType = text.xcconfig; name = "Pods-SH.debug.xcconfig"; path = "Pods/Target Support Files/Pods-SH/Pods-SH.debug.xcconfig"; sourceTree = "<group>"; };
		CF37669A1CBB27EC00044041 /* DataManager.swift */ = {isa = PBXFileReference; fileEncoding = 4; lastKnownFileType = sourcecode.swift; path = DataManager.swift; sourceTree = "<group>"; };
		CF37669C1CBB285300044041 /* neighborhood.plist */ = {isa = PBXFileReference; fileEncoding = 4; lastKnownFileType = text.plist.xml; path = neighborhood.plist; sourceTree = "<group>"; };
		CF4043021CC69CF10025B9E6 /* Pods.framework */ = {isa = PBXFileReference; lastKnownFileType = wrapper.framework; path = Pods.framework; sourceTree = "<group>"; };
		CFAE139A1CBB068900BAFE62 /* SH.app */ = {isa = PBXFileReference; explicitFileType = wrapper.application; includeInIndex = 0; path = SH.app; sourceTree = BUILT_PRODUCTS_DIR; };
		CFAE139D1CBB068900BAFE62 /* AppDelegate.swift */ = {isa = PBXFileReference; lastKnownFileType = sourcecode.swift; path = AppDelegate.swift; sourceTree = "<group>"; };
		CFAE139F1CBB068900BAFE62 /* ViewController.swift */ = {isa = PBXFileReference; lastKnownFileType = sourcecode.swift; path = ViewController.swift; sourceTree = "<group>"; };
		CFAE13A21CBB068900BAFE62 /* Base */ = {isa = PBXFileReference; lastKnownFileType = file.storyboard; name = Base; path = Base.lproj/Main.storyboard; sourceTree = "<group>"; };
		CFAE13A51CBB068900BAFE62 /* SH.xcdatamodel */ = {isa = PBXFileReference; lastKnownFileType = wrapper.xcdatamodel; path = SH.xcdatamodel; sourceTree = "<group>"; };
		CFAE13A71CBB068900BAFE62 /* Assets.xcassets */ = {isa = PBXFileReference; lastKnownFileType = folder.assetcatalog; path = Assets.xcassets; sourceTree = "<group>"; };
		CFAE13AA1CBB068900BAFE62 /* Base */ = {isa = PBXFileReference; lastKnownFileType = file.storyboard; name = Base; path = Base.lproj/LaunchScreen.storyboard; sourceTree = "<group>"; };
		CFAE13AC1CBB068900BAFE62 /* Info.plist */ = {isa = PBXFileReference; lastKnownFileType = text.plist.xml; path = Info.plist; sourceTree = "<group>"; };
		CFAE13B11CBB068A00BAFE62 /* SHTests.xctest */ = {isa = PBXFileReference; explicitFileType = wrapper.cfbundle; includeInIndex = 0; path = SHTests.xctest; sourceTree = BUILT_PRODUCTS_DIR; };
		CFAE13B51CBB068A00BAFE62 /* SHTests.swift */ = {isa = PBXFileReference; lastKnownFileType = sourcecode.swift; path = SHTests.swift; sourceTree = "<group>"; };
		CFAE13B71CBB068A00BAFE62 /* Info.plist */ = {isa = PBXFileReference; lastKnownFileType = text.plist.xml; path = Info.plist; sourceTree = "<group>"; };
		CFAE13BC1CBB068A00BAFE62 /* SHUITests.xctest */ = {isa = PBXFileReference; explicitFileType = wrapper.cfbundle; includeInIndex = 0; path = SHUITests.xctest; sourceTree = BUILT_PRODUCTS_DIR; };
		CFAE13C01CBB068A00BAFE62 /* SHUITests.swift */ = {isa = PBXFileReference; lastKnownFileType = sourcecode.swift; path = SHUITests.swift; sourceTree = "<group>"; };
		CFAE13C21CBB068A00BAFE62 /* Info.plist */ = {isa = PBXFileReference; lastKnownFileType = text.plist.xml; path = Info.plist; sourceTree = "<group>"; };
		CFAE13D41CBB096F00BAFE62 /* Mapbox.framework */ = {isa = PBXFileReference; lastKnownFileType = wrapper.framework; path = Mapbox.framework; sourceTree = "<group>"; };
		CFFCDB531CC69162003877F1 /* BlockData.json */ = {isa = PBXFileReference; fileEncoding = 4; lastKnownFileType = text.json; path = BlockData.json; sourceTree = "<group>"; };
		CFFCDB551CC691C9003877F1 /* Alamofire.framework */ = {isa = PBXFileReference; lastKnownFileType = wrapper.framework; name = Alamofire.framework; path = "Pods/../build/Debug-iphoneos/Alamofire.framework"; sourceTree = "<group>"; };
		CFFCDB571CC691CC003877F1 /* SwiftyJSON.framework */ = {isa = PBXFileReference; lastKnownFileType = wrapper.framework; name = SwiftyJSON.framework; path = "Pods/../build/Debug-iphoneos/SwiftyJSON.framework"; sourceTree = "<group>"; };
		F0DB92F02E5A6E03197E8F50 /* Pods.framework */ = {isa = PBXFileReference; explicitFileType = wrapper.framework; includeInIndex = 0; path = Pods.framework; sourceTree = BUILT_PRODUCTS_DIR; };
/* End PBXFileReference section */

/* Begin PBXFrameworksBuildPhase section */
		CFAE13971CBB068900BAFE62 /* Frameworks */ = {
			isa = PBXFrameworksBuildPhase;
			buildActionMask = 2147483647;
			files = (
				A106F8841CE2C0CC00CDF041 /* SwiftyJSON.framework in Frameworks */,
				A1B2769C1CD54B2200F4807C /* Alamofire.framework in Frameworks */,
				A1B2769D1CD54B2200F4807C /* Pods_SH.framework in Frameworks */,
			);
			runOnlyForDeploymentPostprocessing = 0;
		};
		CFAE13AE1CBB068A00BAFE62 /* Frameworks */ = {
			isa = PBXFrameworksBuildPhase;
			buildActionMask = 2147483647;
			files = (
			);
			runOnlyForDeploymentPostprocessing = 0;
		};
		CFAE13B91CBB068A00BAFE62 /* Frameworks */ = {
			isa = PBXFrameworksBuildPhase;
			buildActionMask = 2147483647;
			files = (
			);
			runOnlyForDeploymentPostprocessing = 0;
		};
/* End PBXFrameworksBuildPhase section */

/* Begin PBXGroup section */
		4189E9C9EA269F0277EFB441 /* Frameworks */ = {
			isa = PBXGroup;
			children = (
				A106F8831CE2C0CC00CDF041 /* SwiftyJSON.framework */,
				A106F8811CE2C08300CDF041 /* SwiftyJSON.framework */,
				A1D2D41D1CDC0EA7005AEAFA /* SlideMenuControllerSwift.framework */,
				A1B276991CD54B2200F4807C /* Alamofire.framework */,
				A1B2769A1CD54B2200F4807C /* Pods_SH.framework */,
				A1B2769B1CD54B2200F4807C /* SwiftyJSON.framework */,
				CFFCDB571CC691CC003877F1 /* SwiftyJSON.framework */,
				CFFCDB551CC691C9003877F1 /* Alamofire.framework */,
				CF4043021CC69CF10025B9E6 /* Pods.framework */,
				F0DB92F02E5A6E03197E8F50 /* Pods.framework */,
				82599EBE0259CEA168C18F02 /* Pods_SH.framework */,
			);
			name = Frameworks;
			sourceTree = "<group>";
		};
		848B6EA0F41DA91F950AABCA /* Pods */ = {
			isa = PBXGroup;
			children = (
				C5F20B150C7149AB59702175 /* Pods-SH.debug.xcconfig */,
				31CAEF2BD843299AD1C95AE3 /* Pods-SH.release.xcconfig */,
			);
			name = Pods;
			sourceTree = "<group>";
		};
		CFAE13911CBB068900BAFE62 = {
			isa = PBXGroup;
			children = (
				CFAE13D41CBB096F00BAFE62 /* Mapbox.framework */,
				CFAE139C1CBB068900BAFE62 /* SH */,
				CFAE13B41CBB068A00BAFE62 /* SHTests */,
				CFAE13BF1CBB068A00BAFE62 /* SHUITests */,
				CFAE139B1CBB068900BAFE62 /* Products */,
				4189E9C9EA269F0277EFB441 /* Frameworks */,
				848B6EA0F41DA91F950AABCA /* Pods */,
			);
			sourceTree = "<group>";
		};
		CFAE139B1CBB068900BAFE62 /* Products */ = {
			isa = PBXGroup;
			children = (
				CFAE139A1CBB068900BAFE62 /* SH.app */,
				CFAE13B11CBB068A00BAFE62 /* SHTests.xctest */,
				CFAE13BC1CBB068A00BAFE62 /* SHUITests.xctest */,
			);
			name = Products;
			sourceTree = "<group>";
		};
		CFAE139C1CBB068900BAFE62 /* SH */ = {
			isa = PBXGroup;
			children = (
				A1D8B4661CE8374600E222CE /* SF.png */,
				A1D8B4641CE8372A00E222CE /* SubView.xib */,
				CFAE139D1CBB068900BAFE62 /* AppDelegate.swift */,
				CFAE139F1CBB068900BAFE62 /* ViewController.swift */,
				A1D8B4621CE82EEF00E222CE /* CustomCalloutView.swift */,
				CF37669A1CBB27EC00044041 /* DataManager.swift */,
				CFAE13A11CBB068900BAFE62 /* Main.storyboard */,
				CFAE13A71CBB068900BAFE62 /* Assets.xcassets */,
				CFAE13A91CBB068900BAFE62 /* LaunchScreen.storyboard */,
				CFAE13AC1CBB068900BAFE62 /* Info.plist */,
				CFAE13A41CBB068900BAFE62 /* SH.xcdatamodeld */,
				CF37669C1CBB285300044041 /* neighborhood.plist */,
				A16870EC1CDBEDEB00B35484 /* crimeCategoryData.json */,
				CFFCDB531CC69162003877F1 /* BlockData.json */,
				A171A2BB1CE8002300598F34 /* map-point-red.png */,
				A1A2A1731CE808E500918FB8 /* map-point-black.png */,
				A171A2BF1CE8010D00598F34 /* map-point-yellow.png */,
				A171A2C11CE8016D00598F34 /* map-point-green.png */,
				A171A2C31CE8020700598F34 /* map-point-blue.png */,
				A171A2C51CE8024A00598F34 /* map-point-brown.png */,
				A1A2A1751CE8098500918FB8 /* map-point-purple.png */,
				A171A2BD1CE800DA00598F34 /* map-point-grey.png */,
			);
			path = SH;
			sourceTree = "<group>";
		};
		CFAE13B41CBB068A00BAFE62 /* SHTests */ = {
			isa = PBXGroup;
			children = (
				CFAE13B51CBB068A00BAFE62 /* SHTests.swift */,
				CFAE13B71CBB068A00BAFE62 /* Info.plist */,
			);
			path = SHTests;
			sourceTree = "<group>";
		};
		CFAE13BF1CBB068A00BAFE62 /* SHUITests */ = {
			isa = PBXGroup;
			children = (
				CFAE13C01CBB068A00BAFE62 /* SHUITests.swift */,
				CFAE13C21CBB068A00BAFE62 /* Info.plist */,
			);
			path = SHUITests;
			sourceTree = "<group>";
		};
/* End PBXGroup section */

/* Begin PBXNativeTarget section */
		CFAE13991CBB068900BAFE62 /* SH */ = {
			isa = PBXNativeTarget;
			buildConfigurationList = CFAE13C51CBB068A00BAFE62 /* Build configuration list for PBXNativeTarget "SH" */;
			buildPhases = (
				C6158E4198D34519B9E01282 /* Check Pods Manifest.lock */,
				CFAE13961CBB068900BAFE62 /* Sources */,
				CFAE13971CBB068900BAFE62 /* Frameworks */,
				CFAE13981CBB068900BAFE62 /* Resources */,
				CFAE13D31CBB084600BAFE62 /* Embed Frameworks */,
				F7EAF382C2343A727005316C /* Embed Pods Frameworks */,
				99880D214A8231ED4D4D491A /* Copy Pods Resources */,
			);
			buildRules = (
			);
			dependencies = (
			);
			name = SH;
			productName = SH;
			productReference = CFAE139A1CBB068900BAFE62 /* SH.app */;
			productType = "com.apple.product-type.application";
		};
		CFAE13B01CBB068A00BAFE62 /* SHTests */ = {
			isa = PBXNativeTarget;
			buildConfigurationList = CFAE13C81CBB068A00BAFE62 /* Build configuration list for PBXNativeTarget "SHTests" */;
			buildPhases = (
				CFAE13AD1CBB068A00BAFE62 /* Sources */,
				CFAE13AE1CBB068A00BAFE62 /* Frameworks */,
				CFAE13AF1CBB068A00BAFE62 /* Resources */,
			);
			buildRules = (
			);
			dependencies = (
				CFAE13B31CBB068A00BAFE62 /* PBXTargetDependency */,
			);
			name = SHTests;
			productName = SHTests;
			productReference = CFAE13B11CBB068A00BAFE62 /* SHTests.xctest */;
			productType = "com.apple.product-type.bundle.unit-test";
		};
		CFAE13BB1CBB068A00BAFE62 /* SHUITests */ = {
			isa = PBXNativeTarget;
			buildConfigurationList = CFAE13CB1CBB068A00BAFE62 /* Build configuration list for PBXNativeTarget "SHUITests" */;
			buildPhases = (
				CFAE13B81CBB068A00BAFE62 /* Sources */,
				CFAE13B91CBB068A00BAFE62 /* Frameworks */,
				CFAE13BA1CBB068A00BAFE62 /* Resources */,
			);
			buildRules = (
			);
			dependencies = (
				CFAE13BE1CBB068A00BAFE62 /* PBXTargetDependency */,
			);
			name = SHUITests;
			productName = SHUITests;
			productReference = CFAE13BC1CBB068A00BAFE62 /* SHUITests.xctest */;
			productType = "com.apple.product-type.bundle.ui-testing";
		};
/* End PBXNativeTarget section */

/* Begin PBXProject section */
		CFAE13921CBB068900BAFE62 /* Project object */ = {
			isa = PBXProject;
			attributes = {
				LastSwiftUpdateCheck = 0720;
				LastUpgradeCheck = 0720;
				ORGANIZATIONNAME = "Christopher Brummer";
				TargetAttributes = {
					CFAE13991CBB068900BAFE62 = {
						CreatedOnToolsVersion = 7.2;
						DevelopmentTeam = UT7G3LKZ29;
					};
					CFAE13B01CBB068A00BAFE62 = {
						CreatedOnToolsVersion = 7.2;
						TestTargetID = CFAE13991CBB068900BAFE62;
					};
					CFAE13BB1CBB068A00BAFE62 = {
						CreatedOnToolsVersion = 7.2;
						TestTargetID = CFAE13991CBB068900BAFE62;
					};
				};
			};
			buildConfigurationList = CFAE13951CBB068900BAFE62 /* Build configuration list for PBXProject "SH" */;
			compatibilityVersion = "Xcode 3.2";
			developmentRegion = English;
			hasScannedForEncodings = 0;
			knownRegions = (
				en,
				Base,
			);
			mainGroup = CFAE13911CBB068900BAFE62;
			productRefGroup = CFAE139B1CBB068900BAFE62 /* Products */;
			projectDirPath = "";
			projectRoot = "";
			targets = (
				CFAE13991CBB068900BAFE62 /* SH */,
				CFAE13B01CBB068A00BAFE62 /* SHTests */,
				CFAE13BB1CBB068A00BAFE62 /* SHUITests */,
			);
		};
/* End PBXProject section */

/* Begin PBXResourcesBuildPhase section */
		CFAE13981CBB068900BAFE62 /* Resources */ = {
			isa = PBXResourcesBuildPhase;
			buildActionMask = 2147483647;
			files = (
				A171A2C41CE8020700598F34 /* map-point-blue.png in Resources */,
				A171A2BC1CE8002300598F34 /* map-point-red.png in Resources */,
				A1D8B4671CE8374600E222CE /* SF.png in Resources */,
				CF37669D1CBB285300044041 /* neighborhood.plist in Resources */,
				CFAE13AB1CBB068900BAFE62 /* LaunchScreen.storyboard in Resources */,
				A171A2C61CE8024A00598F34 /* map-point-brown.png in Resources */,
				CFAE13A81CBB068900BAFE62 /* Assets.xcassets in Resources */,
				A1A2A1741CE808E500918FB8 /* map-point-black.png in Resources */,
				CFAE13A31CBB068900BAFE62 /* Main.storyboard in Resources */,
				A1D8B4651CE8372A00E222CE /* SubView.xib in Resources */,
				A16870ED1CDBEDEB00B35484 /* crimeCategoryData.json in Resources */,
				A171A2BE1CE800DA00598F34 /* map-point-grey.png in Resources */,
				CFFCDB541CC69162003877F1 /* BlockData.json in Resources */,
				A171A2C01CE8010D00598F34 /* map-point-yellow.png in Resources */,
				A171A2C21CE8016D00598F34 /* map-point-green.png in Resources */,
				A1A2A1761CE8098500918FB8 /* map-point-purple.png in Resources */,
			);
			runOnlyForDeploymentPostprocessing = 0;
		};
		CFAE13AF1CBB068A00BAFE62 /* Resources */ = {
			isa = PBXResourcesBuildPhase;
			buildActionMask = 2147483647;
			files = (
			);
			runOnlyForDeploymentPostprocessing = 0;
		};
		CFAE13BA1CBB068A00BAFE62 /* Resources */ = {
			isa = PBXResourcesBuildPhase;
			buildActionMask = 2147483647;
			files = (
			);
			runOnlyForDeploymentPostprocessing = 0;
		};
/* End PBXResourcesBuildPhase section */

/* Begin PBXShellScriptBuildPhase section */
		99880D214A8231ED4D4D491A /* Copy Pods Resources */ = {
			isa = PBXShellScriptBuildPhase;
			buildActionMask = 2147483647;
			files = (
			);
			inputPaths = (
			);
			name = "Copy Pods Resources";
			outputPaths = (
			);
			runOnlyForDeploymentPostprocessing = 0;
			shellPath = /bin/sh;
			shellScript = "\"${SRCROOT}/Pods/Target Support Files/Pods-SH/Pods-SH-resources.sh\"\n";
			showEnvVarsInLog = 0;
		};
		C6158E4198D34519B9E01282 /* Check Pods Manifest.lock */ = {
			isa = PBXShellScriptBuildPhase;
			buildActionMask = 2147483647;
			files = (
			);
			inputPaths = (
			);
			name = "Check Pods Manifest.lock";
			outputPaths = (
			);
			runOnlyForDeploymentPostprocessing = 0;
			shellPath = /bin/sh;
			shellScript = "diff \"${PODS_ROOT}/../Podfile.lock\" \"${PODS_ROOT}/Manifest.lock\" > /dev/null\nif [[ $? != 0 ]] ; then\n    cat << EOM\nerror: The sandbox is not in sync with the Podfile.lock. Run 'pod install' or update your CocoaPods installation.\nEOM\n    exit 1\nfi\n";
			showEnvVarsInLog = 0;
		};
		F7EAF382C2343A727005316C /* Embed Pods Frameworks */ = {
			isa = PBXShellScriptBuildPhase;
			buildActionMask = 2147483647;
			files = (
			);
			inputPaths = (
			);
			name = "Embed Pods Frameworks";
			outputPaths = (
			);
			runOnlyForDeploymentPostprocessing = 0;
			shellPath = /bin/sh;
			shellScript = "\"${SRCROOT}/Pods/Target Support Files/Pods-SH/Pods-SH-frameworks.sh\"\n";
			showEnvVarsInLog = 0;
		};
/* End PBXShellScriptBuildPhase section */

/* Begin PBXSourcesBuildPhase section */
		CFAE13961CBB068900BAFE62 /* Sources */ = {
			isa = PBXSourcesBuildPhase;
			buildActionMask = 2147483647;
			files = (
				CFAE13A01CBB068900BAFE62 /* ViewController.swift in Sources */,
				CF37669B1CBB27EC00044041 /* DataManager.swift in Sources */,
				CFAE13A61CBB068900BAFE62 /* SH.xcdatamodeld in Sources */,
				CFAE139E1CBB068900BAFE62 /* AppDelegate.swift in Sources */,
				A1D8B4631CE82EEF00E222CE /* CustomCalloutView.swift in Sources */,
			);
			runOnlyForDeploymentPostprocessing = 0;
		};
		CFAE13AD1CBB068A00BAFE62 /* Sources */ = {
			isa = PBXSourcesBuildPhase;
			buildActionMask = 2147483647;
			files = (
				CFAE13B61CBB068A00BAFE62 /* SHTests.swift in Sources */,
			);
			runOnlyForDeploymentPostprocessing = 0;
		};
		CFAE13B81CBB068A00BAFE62 /* Sources */ = {
			isa = PBXSourcesBuildPhase;
			buildActionMask = 2147483647;
			files = (
				CFAE13C11CBB068A00BAFE62 /* SHUITests.swift in Sources */,
			);
			runOnlyForDeploymentPostprocessing = 0;
		};
/* End PBXSourcesBuildPhase section */

/* Begin PBXTargetDependency section */
		CFAE13B31CBB068A00BAFE62 /* PBXTargetDependency */ = {
			isa = PBXTargetDependency;
			target = CFAE13991CBB068900BAFE62 /* SH */;
			targetProxy = CFAE13B21CBB068A00BAFE62 /* PBXContainerItemProxy */;
		};
		CFAE13BE1CBB068A00BAFE62 /* PBXTargetDependency */ = {
			isa = PBXTargetDependency;
			target = CFAE13991CBB068900BAFE62 /* SH */;
			targetProxy = CFAE13BD1CBB068A00BAFE62 /* PBXContainerItemProxy */;
		};
/* End PBXTargetDependency section */

/* Begin PBXVariantGroup section */
		CFAE13A11CBB068900BAFE62 /* Main.storyboard */ = {
			isa = PBXVariantGroup;
			children = (
				CFAE13A21CBB068900BAFE62 /* Base */,
			);
			name = Main.storyboard;
			sourceTree = "<group>";
		};
		CFAE13A91CBB068900BAFE62 /* LaunchScreen.storyboard */ = {
			isa = PBXVariantGroup;
			children = (
				CFAE13AA1CBB068900BAFE62 /* Base */,
			);
			name = LaunchScreen.storyboard;
			sourceTree = "<group>";
		};
/* End PBXVariantGroup section */

/* Begin XCBuildConfiguration section */
		CFAE13C31CBB068A00BAFE62 /* Debug */ = {
			isa = XCBuildConfiguration;
			buildSettings = {
				ALWAYS_SEARCH_USER_PATHS = NO;
				CLANG_CXX_LANGUAGE_STANDARD = "gnu++0x";
				CLANG_CXX_LIBRARY = "libc++";
				CLANG_ENABLE_MODULES = YES;
				CLANG_ENABLE_OBJC_ARC = YES;
				CLANG_WARN_BOOL_CONVERSION = YES;
				CLANG_WARN_CONSTANT_CONVERSION = YES;
				CLANG_WARN_DIRECT_OBJC_ISA_USAGE = YES_ERROR;
				CLANG_WARN_EMPTY_BODY = YES;
				CLANG_WARN_ENUM_CONVERSION = YES;
				CLANG_WARN_INT_CONVERSION = YES;
				CLANG_WARN_OBJC_ROOT_CLASS = YES_ERROR;
				CLANG_WARN_UNREACHABLE_CODE = YES;
				CLANG_WARN__DUPLICATE_METHOD_MATCH = YES;
				"CODE_SIGN_IDENTITY[sdk=iphoneos*]" = "iPhone Developer";
				COPY_PHASE_STRIP = NO;
				DEBUG_INFORMATION_FORMAT = dwarf;
				ENABLE_STRICT_OBJC_MSGSEND = YES;
				ENABLE_TESTABILITY = YES;
				GCC_C_LANGUAGE_STANDARD = gnu99;
				GCC_DYNAMIC_NO_PIC = NO;
				GCC_NO_COMMON_BLOCKS = YES;
				GCC_OPTIMIZATION_LEVEL = 0;
				GCC_PREPROCESSOR_DEFINITIONS = (
					"DEBUG=1",
					"$(inherited)",
				);
				GCC_WARN_64_TO_32_BIT_CONVERSION = YES;
				GCC_WARN_ABOUT_RETURN_TYPE = YES_ERROR;
				GCC_WARN_UNDECLARED_SELECTOR = YES;
				GCC_WARN_UNINITIALIZED_AUTOS = YES_AGGRESSIVE;
				GCC_WARN_UNUSED_FUNCTION = YES;
				GCC_WARN_UNUSED_VARIABLE = YES;
				IPHONEOS_DEPLOYMENT_TARGET = 9.2;
				MTL_ENABLE_DEBUG_INFO = YES;
				ONLY_ACTIVE_ARCH = YES;
				SDKROOT = iphoneos;
				SWIFT_OPTIMIZATION_LEVEL = "-Onone";
			};
			name = Debug;
		};
		CFAE13C41CBB068A00BAFE62 /* Release */ = {
			isa = XCBuildConfiguration;
			buildSettings = {
				ALWAYS_SEARCH_USER_PATHS = NO;
				CLANG_CXX_LANGUAGE_STANDARD = "gnu++0x";
				CLANG_CXX_LIBRARY = "libc++";
				CLANG_ENABLE_MODULES = YES;
				CLANG_ENABLE_OBJC_ARC = YES;
				CLANG_WARN_BOOL_CONVERSION = YES;
				CLANG_WARN_CONSTANT_CONVERSION = YES;
				CLANG_WARN_DIRECT_OBJC_ISA_USAGE = YES_ERROR;
				CLANG_WARN_EMPTY_BODY = YES;
				CLANG_WARN_ENUM_CONVERSION = YES;
				CLANG_WARN_INT_CONVERSION = YES;
				CLANG_WARN_OBJC_ROOT_CLASS = YES_ERROR;
				CLANG_WARN_UNREACHABLE_CODE = YES;
				CLANG_WARN__DUPLICATE_METHOD_MATCH = YES;
				"CODE_SIGN_IDENTITY[sdk=iphoneos*]" = "iPhone Developer";
				COPY_PHASE_STRIP = NO;
				DEBUG_INFORMATION_FORMAT = "dwarf-with-dsym";
				ENABLE_NS_ASSERTIONS = NO;
				ENABLE_STRICT_OBJC_MSGSEND = YES;
				GCC_C_LANGUAGE_STANDARD = gnu99;
				GCC_NO_COMMON_BLOCKS = YES;
				GCC_WARN_64_TO_32_BIT_CONVERSION = YES;
				GCC_WARN_ABOUT_RETURN_TYPE = YES_ERROR;
				GCC_WARN_UNDECLARED_SELECTOR = YES;
				GCC_WARN_UNINITIALIZED_AUTOS = YES_AGGRESSIVE;
				GCC_WARN_UNUSED_FUNCTION = YES;
				GCC_WARN_UNUSED_VARIABLE = YES;
				IPHONEOS_DEPLOYMENT_TARGET = 9.2;
				MTL_ENABLE_DEBUG_INFO = NO;
				SDKROOT = iphoneos;
				VALIDATE_PRODUCT = YES;
			};
			name = Release;
		};
		CFAE13C61CBB068A00BAFE62 /* Debug */ = {
			isa = XCBuildConfiguration;
			baseConfigurationReference = C5F20B150C7149AB59702175 /* Pods-SH.debug.xcconfig */;
			buildSettings = {
				ASSETCATALOG_COMPILER_APPICON_NAME = AppIcon;
				CODE_SIGN_IDENTITY = "iPhone Developer";
				"CODE_SIGN_IDENTITY[sdk=iphoneos*]" = "iPhone Developer";
				FRAMEWORK_SEARCH_PATHS = (
					"$(PROJECT_DIR)",
					"$(inherited)",
					"$(PROJECT_DIR)/build/Debug-iphoneos",
				);
				INFOPLIST_FILE = SH/Info.plist;
				IPHONEOS_DEPLOYMENT_TARGET = 9.0;
				LD_RUNPATH_SEARCH_PATHS = "$(inherited) @executable_path/Frameworks";
				PRODUCT_BUNDLE_IDENTIFIER = "Christopher-Brummer.SH";
				PRODUCT_NAME = "$(TARGET_NAME)";
				PROVISIONING_PROFILE = "";
			};
			name = Debug;
		};
		CFAE13C71CBB068A00BAFE62 /* Release */ = {
			isa = XCBuildConfiguration;
			baseConfigurationReference = 31CAEF2BD843299AD1C95AE3 /* Pods-SH.release.xcconfig */;
			buildSettings = {
				ASSETCATALOG_COMPILER_APPICON_NAME = AppIcon;
				CODE_SIGN_IDENTITY = "iPhone Developer";
				"CODE_SIGN_IDENTITY[sdk=iphoneos*]" = "iPhone Developer";
				FRAMEWORK_SEARCH_PATHS = (
					"$(PROJECT_DIR)",
					"$(inherited)",
					"$(PROJECT_DIR)/build/Debug-iphoneos",
				);
				INFOPLIST_FILE = SH/Info.plist;
				IPHONEOS_DEPLOYMENT_TARGET = 9.0;
				LD_RUNPATH_SEARCH_PATHS = "$(inherited) @executable_path/Frameworks";
				PRODUCT_BUNDLE_IDENTIFIER = "Christopher-Brummer.SH";
				PRODUCT_NAME = "$(TARGET_NAME)";
				PROVISIONING_PROFILE = "";
			};
			name = Release;
		};
		CFAE13C91CBB068A00BAFE62 /* Debug */ = {
			isa = XCBuildConfiguration;
			buildSettings = {
				BUNDLE_LOADER = "$(TEST_HOST)";
				INFOPLIST_FILE = SHTests/Info.plist;
				LD_RUNPATH_SEARCH_PATHS = "$(inherited) @executable_path/Frameworks @loader_path/Frameworks";
				PRODUCT_BUNDLE_IDENTIFIER = "Christopher-Brummer.SHTests";
				PRODUCT_NAME = "$(TARGET_NAME)";
				TEST_HOST = "$(BUILT_PRODUCTS_DIR)/SH.app/SH";
			};
			name = Debug;
		};
		CFAE13CA1CBB068A00BAFE62 /* Release */ = {
			isa = XCBuildConfiguration;
			buildSettings = {
				BUNDLE_LOADER = "$(TEST_HOST)";
				INFOPLIST_FILE = SHTests/Info.plist;
				LD_RUNPATH_SEARCH_PATHS = "$(inherited) @executable_path/Frameworks @loader_path/Frameworks";
				PRODUCT_BUNDLE_IDENTIFIER = "Christopher-Brummer.SHTests";
				PRODUCT_NAME = "$(TARGET_NAME)";
				TEST_HOST = "$(BUILT_PRODUCTS_DIR)/SH.app/SH";
			};
			name = Release;
		};
		CFAE13CC1CBB068A00BAFE62 /* Debug */ = {
			isa = XCBuildConfiguration;
			buildSettings = {
				INFOPLIST_FILE = SHUITests/Info.plist;
				LD_RUNPATH_SEARCH_PATHS = "$(inherited) @executable_path/Frameworks @loader_path/Frameworks";
				PRODUCT_BUNDLE_IDENTIFIER = "Christopher-Brummer.SHUITests";
				PRODUCT_NAME = "$(TARGET_NAME)";
				TEST_TARGET_NAME = SH;
				USES_XCTRUNNER = YES;
			};
			name = Debug;
		};
		CFAE13CD1CBB068A00BAFE62 /* Release */ = {
			isa = XCBuildConfiguration;
			buildSettings = {
				INFOPLIST_FILE = SHUITests/Info.plist;
				LD_RUNPATH_SEARCH_PATHS = "$(inherited) @executable_path/Frameworks @loader_path/Frameworks";
				PRODUCT_BUNDLE_IDENTIFIER = "Christopher-Brummer.SHUITests";
				PRODUCT_NAME = "$(TARGET_NAME)";
				TEST_TARGET_NAME = SH;
				USES_XCTRUNNER = YES;
			};
			name = Release;
		};
/* End XCBuildConfiguration section */

/* Begin XCConfigurationList section */
		CFAE13951CBB068900BAFE62 /* Build configuration list for PBXProject "SH" */ = {
			isa = XCConfigurationList;
			buildConfigurations = (
				CFAE13C31CBB068A00BAFE62 /* Debug */,
				CFAE13C41CBB068A00BAFE62 /* Release */,
			);
			defaultConfigurationIsVisible = 0;
			defaultConfigurationName = Release;
		};
		CFAE13C51CBB068A00BAFE62 /* Build configuration list for PBXNativeTarget "SH" */ = {
			isa = XCConfigurationList;
			buildConfigurations = (
				CFAE13C61CBB068A00BAFE62 /* Debug */,
				CFAE13C71CBB068A00BAFE62 /* Release */,
			);
			defaultConfigurationIsVisible = 0;
			defaultConfigurationName = Release;
		};
		CFAE13C81CBB068A00BAFE62 /* Build configuration list for PBXNativeTarget "SHTests" */ = {
			isa = XCConfigurationList;
			buildConfigurations = (
				CFAE13C91CBB068A00BAFE62 /* Debug */,
				CFAE13CA1CBB068A00BAFE62 /* Release */,
			);
			defaultConfigurationIsVisible = 0;
			defaultConfigurationName = Release;
		};
		CFAE13CB1CBB068A00BAFE62 /* Build configuration list for PBXNativeTarget "SHUITests" */ = {
			isa = XCConfigurationList;
			buildConfigurations = (
				CFAE13CC1CBB068A00BAFE62 /* Debug */,
				CFAE13CD1CBB068A00BAFE62 /* Release */,
			);
			defaultConfigurationIsVisible = 0;
			defaultConfigurationName = Release;
		};
/* End XCConfigurationList section */

/* Begin XCVersionGroup section */
		CFAE13A41CBB068900BAFE62 /* SH.xcdatamodeld */ = {
			isa = XCVersionGroup;
			children = (
				CFAE13A51CBB068900BAFE62 /* SH.xcdatamodel */,
			);
			currentVersion = CFAE13A51CBB068900BAFE62 /* SH.xcdatamodel */;
			path = SH.xcdatamodeld;
			sourceTree = "<group>";
			versionGroupType = wrapper.xcdatamodel;
		};
/* End XCVersionGroup section */
	};
	rootObject = CFAE13921CBB068900BAFE62 /* Project object */;
}
